<?xml version="1.0" encoding="utf-8"?>
<Project ToolsVersion="4.0" xmlns="http://schemas.microsoft.com/developer/msbuild/2003">
  <ItemGroup>
    <Filter Include="Source Files">
      <UniqueIdentifier>{4FC737F1-C7A5-4376-A066-2A32D752A2FF}</UniqueIdentifier>
      <Extensions>cpp;c;cc;cxx;def;odl;idl;hpj;bat;asm;asmx</Extensions>
    </Filter>
    <Filter Include="Header Files">
      <UniqueIdentifier>{93995380-89BD-4b04-88EB-625FBE52EBFB}</UniqueIdentifier>
      <Extensions>h;hh;hpp;hxx;hm;inl;inc;xsd</Extensions>
    </Filter>
    <Filter Include="Resource Files">
      <UniqueIdentifier>{67DA6AB6-F800-4c08-8B7A-83BB121AAD01}</UniqueIdentifier>
      <Extensions>rc;ico;cur;bmp;dlg;rc2;rct;bin;rgs;gif;jpg;jpeg;jpe;resx;tiff;tif;png;wav;mfcribbon-ms</Extensions>
    </Filter>
    <Filter Include="Source Files\general">
      <UniqueIdentifier>{b4e687ac-988b-4b83-926a-41992074935f}</UniqueIdentifier>
    </Filter>
    <Filter Include="Source Files\hardware">
      <UniqueIdentifier>{68e2075e-0547-4f67-8585-4d68dd8e702d}</UniqueIdentifier>
    </Filter>
    <Filter Include="Header Files\hardware">
      <UniqueIdentifier>{977d994a-ff70-4a83-96b9-8afb1052da4c}</UniqueIdentifier>
    </Filter>
  </ItemGroup>
  <ItemGroup>
    <ClInclude Include="..\src\frameFunctions.h">
      <Filter>Source Files\general</Filter>
    </ClInclude>
    <ClInclude Include="..\src\working_consts.h">
      <Filter>Source Files\general</Filter>
    </ClInclude>
    <ClInclude Include="..\src\OdroidC1_handlers\pwm.h">
      <Filter>Header Files\hardware</Filter>
    </ClInclude>
    <ClInclude Include="..\src\utilFunctions.h">
      <Filter>Source Files\general</Filter>
    </ClInclude>
    <ClInclude Include="..\src\stereo_calib.h">
      <Filter>Header Files</Filter>
    </ClInclude>
    <ClInclude Include="..\src\stereo_match.hpp">
      <Filter>Header Files</Filter>
    </ClInclude>
    <ClInclude Include="..\src\BackgroundSub.hpp">
      <Filter>Header Files</Filter>
    </ClInclude>
    <ClInclude Include="Robot.h">
      <Filter>Header Files</Filter>
    </ClInclude>
    <ClInclude Include="..\src\GUI_functions.h">
      <Filter>Source Files\general</Filter>
    </ClInclude>
  </ItemGroup>
  <ItemGroup>
    <ClCompile Include="..\src\MainFile.cpp" />
    <ClCompile Include="..\src\OdroidC1_handlers\pwm.cpp">
      <Filter>Source Files\hardware</Filter>
    </ClCompile>
    <ClCompile Include="Robot.cpp">
      <Filter>Source Files</Filter>
    </ClCompile>
  </ItemGroup>
  <ItemGroup>
    <None Include="ClassDiagram.cd" />
  </ItemGroup>
</Project>